
Microsoft Visual Studio Solution File, Format Version 12.00
# Visual Studio Version 16
VisualStudioVersion = 16.0.31321.278
MinimumVisualStudioVersion = 10.0.40219.1
Project("{FAE04EC0-301F-11D3-BF4B-00C04F79EFBC}") = "SpotifyAPI", "SpotifyAPI\SpotifyAPI.csproj", "{73627A87-AF49-44B8-8F82-C30C726402B9}"
EndProject
Global
	GlobalSection(SolutionConfigurationPlatforms) = preSolution
		Debug|Any CPU = Debug|Any CPU
		Release|Any CPU = Release|Any CPU
	EndGlobalSection
	GlobalSection(ProjectConfigurationPlatforms) = postSolution
		{73627A87-AF49-44B8-8F82-C30C726402B9}.Debug|Any CPU.ActiveCfg = Debug|Any CPU
		{73627A87-AF49-44B8-8F82-C30C726402B9}.Debug|Any CPU.Build.0 = Debug|Any CPU
		{73627A87-AF49-44B8-8F82-C30C726402B9}.Release|Any CPU.ActiveCfg = Release|Any CPU
		{73627A87-AF49-44B8-8F82-C30C726402B9}.Release|Any CPU.Build.0 = Release|Any CPU
	EndGlobalSection
	GlobalSection(SolutionProperties) = preSolution
		HideSolutionNode = FALSE
	EndGlobalSection
	GlobalSection(ExtensibilityGlobals) = postSolution
		SolutionGuid = {A1F9E95F-4F8D-4EE7-85BD-D9CD927808E6}
	EndGlobalSection
EndGlobal
